
Microsoft Visual Studio Solution File, Format Version 12.00
# Visual Studio Version 17
VisualStudioVersion = 17.4.33403.182
MinimumVisualStudioVersion = 10.0.40219.1
Project("{FAE04EC0-301F-11D3-BF4B-00C04F79EFBC}") = "Menu.Android", "Menu\Menu.Android\Menu.Android.csproj", "{6C0E3830-848F-4A9F-90DD-F2FA23C6EFE6}"
EndProject
Project("{FAE04EC0-301F-11D3-BF4B-00C04F79EFBC}") = "Menu", "Menu\Menu\Menu.csproj", "{C603BB85-AA1A-42D1-8AA9-1DA5EA876762}"
EndProject
Global
	GlobalSection(SolutionConfigurationPlatforms) = preSolution
		Debug|Any CPU = Debug|Any CPU
		Release|Any CPU = Release|Any CPU
	EndGlobalSection
	GlobalSection(ProjectConfigurationPlatforms) = postSolution
		{6C0E3830-848F-4A9F-90DD-F2FA23C6EFE6}.Debug|Any CPU.ActiveCfg = Debug|Any CPU
		{6C0E3830-848F-4A9F-90DD-F2FA23C6EFE6}.Debug|Any CPU.Build.0 = Debug|Any CPU
		{6C0E3830-848F-4A9F-90DD-F2FA23C6EFE6}.Debug|Any CPU.Deploy.0 = Debug|Any CPU
		{6C0E3830-848F-4A9F-90DD-F2FA23C6EFE6}.Release|Any CPU.ActiveCfg = Release|Any CPU
		{6C0E3830-848F-4A9F-90DD-F2FA23C6EFE6}.Release|Any CPU.Build.0 = Release|Any CPU
		{6C0E3830-848F-4A9F-90DD-F2FA23C6EFE6}.Release|Any CPU.Deploy.0 = Release|Any CPU
		{C603BB85-AA1A-42D1-8AA9-1DA5EA876762}.Debug|Any CPU.ActiveCfg = Debug|Any CPU
		{C603BB85-AA1A-42D1-8AA9-1DA5EA876762}.Debug|Any CPU.Build.0 = Debug|Any CPU
		{C603BB85-AA1A-42D1-8AA9-1DA5EA876762}.Debug|Any CPU.Deploy.0 = Debug|Any CPU
		{C603BB85-AA1A-42D1-8AA9-1DA5EA876762}.Release|Any CPU.ActiveCfg = Release|Any CPU
		{C603BB85-AA1A-42D1-8AA9-1DA5EA876762}.Release|Any CPU.Build.0 = Release|Any CPU
		{C603BB85-AA1A-42D1-8AA9-1DA5EA876762}.Release|Any CPU.Deploy.0 = Release|Any CPU
	EndGlobalSection
	GlobalSection(SolutionProperties) = preSolution
		HideSolutionNode = FALSE
	EndGlobalSection
	GlobalSection(ExtensibilityGlobals) = postSolution
		SolutionGuid = {11D32A4D-0821-4676-8805-5885BAA4C645}
	EndGlobalSection
EndGlobal
